
Microsoft Visual Studio Solution File, Format Version 12.00
# Visual Studio Version 17
VisualStudioVersion = 17.11.35312.102
MinimumVisualStudioVersion = 10.0.40219.1
Project("{2150E333-8FDC-42A3-9474-1A3956D46DE8}") = "Task0", "Task0", "{96D63A4F-768D-474C-82C9-64ED1183559A}"
EndProject
Project("{9A19103F-16F7-4668-BE54-9A1E7A4F7556}") = "Tyuiu.FedorovaDA.Sprint3.Task0.V6", "Tyuiu.FedorovaDA.Sprint3.Task0.V6\Tyuiu.FedorovaDA.Sprint3.Task0.V6.csproj", "{94223009-DB0F-4790-AA38-472AB408F391}"
EndProject
Project("{9A19103F-16F7-4668-BE54-9A1E7A4F7556}") = "Tyuiu.FedorovaDA.Sprint3.Task0.V6.Lib", "Tyuiu.FedorovaDA.Sprint3.Task0.V6.Lib\Tyuiu.FedorovaDA.Sprint3.Task0.V6.Lib.csproj", "{26500E02-79A7-4981-87FB-E9230FF62994}"
EndProject
Project("{2150E333-8FDC-42A3-9474-1A3956D46DE8}") = "Task1", "Task1", "{0D0C0E7A-D857-4729-8B9A-61F7C89181EC}"
EndProject
Project("{9A19103F-16F7-4668-BE54-9A1E7A4F7556}") = "Tyuiu.FedorovaDA.Sprint3.Task1.V6", "Tyuiu.FedorovaDA.Sprint3.Task1.V6\Tyuiu.FedorovaDA.Sprint3.Task1.V6.csproj", "{EA058EB5-CC9A-4D44-8B72-DA9116C2D4E0}"
EndProject
Project("{9A19103F-16F7-4668-BE54-9A1E7A4F7556}") = "Tyuiu.FedorovaDA.Sprint3.Task1.V6.Lib", "Tyuiu.FedorovaDA.Sprint3.Task1.V6.Lib\Tyuiu.FedorovaDA.Sprint3.Task1.V6.Lib.csproj", "{38E698CA-F4EB-4163-B144-B3D0E21E39C9}"
EndProject
Project("{2150E333-8FDC-42A3-9474-1A3956D46DE8}") = "Task2", "Task2", "{99DA7D47-1D52-4392-9805-0710816B25F1}"
EndProject
Project("{9A19103F-16F7-4668-BE54-9A1E7A4F7556}") = "Tyuiu.FedorovaDA.Sprint3.Task2.V2", "Tyuiu.FedorovaDA.Sprint3.Task2.V2\Tyuiu.FedorovaDA.Sprint3.Task2.V2.csproj", "{AACF6A95-177B-496F-82CF-81DF26507C75}"
EndProject
Project("{9A19103F-16F7-4668-BE54-9A1E7A4F7556}") = "Tyuiu.FedorovaDA.Sprint3.Task2.V2.Lib", "Tyuiu.FedorovaDA.Sprint3.Task2.V2.Lib\Tyuiu.FedorovaDA.Sprint3.Task2.V2.Lib.csproj", "{C6CDE2A9-18A7-457F-96A3-3D69236A5A75}"
EndProject
Project("{2150E333-8FDC-42A3-9474-1A3956D46DE8}") = "Task3", "Task3", "{404553F8-1854-4DCC-A02E-0BA36728A18F}"
EndProject
Project("{9A19103F-16F7-4668-BE54-9A1E7A4F7556}") = "Tyuiu.FedorovaDA.Sprint3.Task3.V2", "Tyuiu.FedorovaDA.Sprint3.Task3.V2\Tyuiu.FedorovaDA.Sprint3.Task3.V2.csproj", "{CB5F4DB5-0F6A-4B0A-ABAB-A2EF30AA259B}"
EndProject
Project("{9A19103F-16F7-4668-BE54-9A1E7A4F7556}") = "Tyuiu.FedorovaDA.Sprint3.Task3.V2.Lib", "Tyuiu.FedorovaDA.Sprint3.Task3.V2.Lib\Tyuiu.FedorovaDA.Sprint3.Task3.V2.Lib.csproj", "{D8FBF244-CCEB-45F2-A5F4-471857759200}"
EndProject
Project("{2150E333-8FDC-42A3-9474-1A3956D46DE8}") = "Task4", "Task4", "{5EEB4F21-B00E-435A-B04D-07C2FE344AAC}"
EndProject
Project("{9A19103F-16F7-4668-BE54-9A1E7A4F7556}") = "Tyuiu.FedorovaDA.Sprint3.Task4.V23", "Tyuiu.FedorovaDA.Sprint3.Task4.V23\Tyuiu.FedorovaDA.Sprint3.Task4.V23.csproj", "{7418226E-1725-42C1-929A-C25716B70D93}"
EndProject
Project("{9A19103F-16F7-4668-BE54-9A1E7A4F7556}") = "Tyuiu.FedorovaDA.Sprint3.Task4.V23.Lib", "Tyuiu.FedorovaDA.Sprint3.Task4.V23.Lib\Tyuiu.FedorovaDA.Sprint3.Task4.V23.Lib.csproj", "{B5635E02-094B-4DC8-85FD-1122EE07A024}"
EndProject
Project("{2150E333-8FDC-42A3-9474-1A3956D46DE8}") = "Task5", "Task5", "{035C14AB-4F3B-435A-9930-D8C17024F815}"
EndProject
Project("{9A19103F-16F7-4668-BE54-9A1E7A4F7556}") = "Tyuiu.FedorovaDA.Sprint3.Task5.V1", "Tyuiu.FedorovaDA.Sprint3.Task5.V1\Tyuiu.FedorovaDA.Sprint3.Task5.V1.csproj", "{A1A65453-50C4-4C4D-892C-26BADC6EF476}"
EndProject
Project("{9A19103F-16F7-4668-BE54-9A1E7A4F7556}") = "Tyuiu.FedorovaDA.Sprint3.Task5.V1.Lib", "Tyuiu.FedorovaDA.Sprint3.Task5.V1.Lib\Tyuiu.FedorovaDA.Sprint3.Task5.V1.Lib.csproj", "{219854BB-50D3-4AF4-B510-5D5299C54560}"
EndProject
Project("{2150E333-8FDC-42A3-9474-1A3956D46DE8}") = "Task6", "Task6", "{2985DE33-ABF1-41A0-BE22-5F16FFFBB582}"
EndProject
Project("{FAE04EC0-301F-11D3-BF4B-00C04F79EFBC}") = "Tyuiu.FedorovaDA.Sprint3.Task6.V7", "Tyuiu.FedorovaDA.Sprint3.Task6.V7\Tyuiu.FedorovaDA.Sprint3.Task6.V7.csproj", "{9B164EB2-1797-4059-8E71-CC9C006CF5EF}"
EndProject
Project("{FAE04EC0-301F-11D3-BF4B-00C04F79EFBC}") = "Tyuiu.FedorovaDA.Sprint3.Task6.V7.Lib", "Tyuiu.FedorovaDA.Sprint3.Task6.V7.Lib\Tyuiu.FedorovaDA.Sprint3.Task6.V7.Lib.csproj", "{6BC7F0A0-5062-4CE4-B78B-55080ECEAEDE}"
EndProject
Project("{2150E333-8FDC-42A3-9474-1A3956D46DE8}") = "Task7", "Task7", "{A0B2B7E1-3B40-4D69-9AE7-F8662590A2CD}"
EndProject
Project("{FAE04EC0-301F-11D3-BF4B-00C04F79EFBC}") = "Tyuiu.FedorovaDA.Sprint3.Task7.V29", "Tyuiu.FedorovaDA.Sprint3.Task7.V29\Tyuiu.FedorovaDA.Sprint3.Task7.V29.csproj", "{B13E8F87-AE85-4AB1-BB5A-D3740BFEF6BE}"
EndProject
Project("{FAE04EC0-301F-11D3-BF4B-00C04F79EFBC}") = "Tyuiu.FedorovaDA.Sprint3.Task7.V29.Lib", "Tyuiu.FedorovaDA.Sprint3.Task7.V29.Lib\Tyuiu.FedorovaDA.Sprint3.Task7.V29.Lib.csproj", "{C9CF2E24-D948-4497-8B34-67F9AA347A03}"
EndProject
Global
	GlobalSection(SolutionConfigurationPlatforms) = preSolution
		Debug|Any CPU = Debug|Any CPU
		Release|Any CPU = Release|Any CPU
	EndGlobalSection
	GlobalSection(ProjectConfigurationPlatforms) = postSolution
		{94223009-DB0F-4790-AA38-472AB408F391}.Debug|Any CPU.ActiveCfg = Debug|Any CPU
		{94223009-DB0F-4790-AA38-472AB408F391}.Debug|Any CPU.Build.0 = Debug|Any CPU
		{94223009-DB0F-4790-AA38-472AB408F391}.Release|Any CPU.ActiveCfg = Release|Any CPU
		{94223009-DB0F-4790-AA38-472AB408F391}.Release|Any CPU.Build.0 = Release|Any CPU
		{26500E02-79A7-4981-87FB-E9230FF62994}.Debug|Any CPU.ActiveCfg = Debug|Any CPU
		{26500E02-79A7-4981-87FB-E9230FF62994}.Debug|Any CPU.Build.0 = Debug|Any CPU
		{26500E02-79A7-4981-87FB-E9230FF62994}.Release|Any CPU.ActiveCfg = Release|Any CPU
		{26500E02-79A7-4981-87FB-E9230FF62994}.Release|Any CPU.Build.0 = Release|Any CPU
		{EA058EB5-CC9A-4D44-8B72-DA9116C2D4E0}.Debug|Any CPU.ActiveCfg = Debug|Any CPU
		{EA058EB5-CC9A-4D44-8B72-DA9116C2D4E0}.Debug|Any CPU.Build.0 = Debug|Any CPU
		{EA058EB5-CC9A-4D44-8B72-DA9116C2D4E0}.Release|Any CPU.ActiveCfg = Release|Any CPU
		{EA058EB5-CC9A-4D44-8B72-DA9116C2D4E0}.Release|Any CPU.Build.0 = Release|Any CPU
		{38E698CA-F4EB-4163-B144-B3D0E21E39C9}.Debug|Any CPU.ActiveCfg = Debug|Any CPU
		{38E698CA-F4EB-4163-B144-B3D0E21E39C9}.Debug|Any CPU.Build.0 = Debug|Any CPU
		{38E698CA-F4EB-4163-B144-B3D0E21E39C9}.Release|Any CPU.ActiveCfg = Release|Any CPU
		{38E698CA-F4EB-4163-B144-B3D0E21E39C9}.Release|Any CPU.Build.0 = Release|Any CPU
		{AACF6A95-177B-496F-82CF-81DF26507C75}.Debug|Any CPU.ActiveCfg = Debug|Any CPU
		{AACF6A95-177B-496F-82CF-81DF26507C75}.Debug|Any CPU.Build.0 = Debug|Any CPU
		{AACF6A95-177B-496F-82CF-81DF26507C75}.Release|Any CPU.ActiveCfg = Release|Any CPU
		{AACF6A95-177B-496F-82CF-81DF26507C75}.Release|Any CPU.Build.0 = Release|Any CPU
		{C6CDE2A9-18A7-457F-96A3-3D69236A5A75}.Debug|Any CPU.ActiveCfg = Debug|Any CPU
		{C6CDE2A9-18A7-457F-96A3-3D69236A5A75}.Debug|Any CPU.Build.0 = Debug|Any CPU
		{C6CDE2A9-18A7-457F-96A3-3D69236A5A75}.Release|Any CPU.ActiveCfg = Release|Any CPU
		{C6CDE2A9-18A7-457F-96A3-3D69236A5A75}.Release|Any CPU.Build.0 = Release|Any CPU
		{CB5F4DB5-0F6A-4B0A-ABAB-A2EF30AA259B}.Debug|Any CPU.ActiveCfg = Debug|Any CPU
		{CB5F4DB5-0F6A-4B0A-ABAB-A2EF30AA259B}.Debug|Any CPU.Build.0 = Debug|Any CPU
		{CB5F4DB5-0F6A-4B0A-ABAB-A2EF30AA259B}.Release|Any CPU.ActiveCfg = Release|Any CPU
		{CB5F4DB5-0F6A-4B0A-ABAB-A2EF30AA259B}.Release|Any CPU.Build.0 = Release|Any CPU
		{D8FBF244-CCEB-45F2-A5F4-471857759200}.Debug|Any CPU.ActiveCfg = Debug|Any CPU
		{D8FBF244-CCEB-45F2-A5F4-471857759200}.Debug|Any CPU.Build.0 = Debug|Any CPU
		{D8FBF244-CCEB-45F2-A5F4-471857759200}.Release|Any CPU.ActiveCfg = Release|Any CPU
		{D8FBF244-CCEB-45F2-A5F4-471857759200}.Release|Any CPU.Build.0 = Release|Any CPU
		{7418226E-1725-42C1-929A-C25716B70D93}.Debug|Any CPU.ActiveCfg = Debug|Any CPU
		{7418226E-1725-42C1-929A-C25716B70D93}.Debug|Any CPU.Build.0 = Debug|Any CPU
		{7418226E-1725-42C1-929A-C25716B70D93}.Release|Any CPU.ActiveCfg = Release|Any CPU
		{7418226E-1725-42C1-929A-C25716B70D93}.Release|Any CPU.Build.0 = Release|Any CPU
		{B5635E02-094B-4DC8-85FD-1122EE07A024}.Debug|Any CPU.ActiveCfg = Debug|Any CPU
		{B5635E02-094B-4DC8-85FD-1122EE07A024}.Debug|Any CPU.Build.0 = Debug|Any CPU
		{B5635E02-094B-4DC8-85FD-1122EE07A024}.Release|Any CPU.ActiveCfg = Release|Any CPU
		{B5635E02-094B-4DC8-85FD-1122EE07A024}.Release|Any CPU.Build.0 = Release|Any CPU
		{A1A65453-50C4-4C4D-892C-26BADC6EF476}.Debug|Any CPU.ActiveCfg = Debug|Any CPU
		{A1A65453-50C4-4C4D-892C-26BADC6EF476}.Debug|Any CPU.Build.0 = Debug|Any CPU
		{A1A65453-50C4-4C4D-892C-26BADC6EF476}.Release|Any CPU.ActiveCfg = Release|Any CPU
		{A1A65453-50C4-4C4D-892C-26BADC6EF476}.Release|Any CPU.Build.0 = Release|Any CPU
		{219854BB-50D3-4AF4-B510-5D5299C54560}.Debug|Any CPU.ActiveCfg = Debug|Any CPU
		{219854BB-50D3-4AF4-B510-5D5299C54560}.Debug|Any CPU.Build.0 = Debug|Any CPU
		{219854BB-50D3-4AF4-B510-5D5299C54560}.Release|Any CPU.ActiveCfg = Release|Any CPU
		{219854BB-50D3-4AF4-B510-5D5299C54560}.Release|Any CPU.Build.0 = Release|Any CPU
		{9B164EB2-1797-4059-8E71-CC9C006CF5EF}.Debug|Any CPU.ActiveCfg = Debug|Any CPU
		{9B164EB2-1797-4059-8E71-CC9C006CF5EF}.Debug|Any CPU.Build.0 = Debug|Any CPU
		{9B164EB2-1797-4059-8E71-CC9C006CF5EF}.Release|Any CPU.ActiveCfg = Release|Any CPU
		{9B164EB2-1797-4059-8E71-CC9C006CF5EF}.Release|Any CPU.Build.0 = Release|Any CPU
		{6BC7F0A0-5062-4CE4-B78B-55080ECEAEDE}.Debug|Any CPU.ActiveCfg = Debug|Any CPU
		{6BC7F0A0-5062-4CE4-B78B-55080ECEAEDE}.Debug|Any CPU.Build.0 = Debug|Any CPU
		{6BC7F0A0-5062-4CE4-B78B-55080ECEAEDE}.Release|Any CPU.ActiveCfg = Release|Any CPU
		{6BC7F0A0-5062-4CE4-B78B-55080ECEAEDE}.Release|Any CPU.Build.0 = Release|Any CPU
		{B13E8F87-AE85-4AB1-BB5A-D3740BFEF6BE}.Debug|Any CPU.ActiveCfg = Debug|Any CPU
		{B13E8F87-AE85-4AB1-BB5A-D3740BFEF6BE}.Debug|Any CPU.Build.0 = Debug|Any CPU
		{B13E8F87-AE85-4AB1-BB5A-D3740BFEF6BE}.Release|Any CPU.ActiveCfg = Release|Any CPU
		{B13E8F87-AE85-4AB1-BB5A-D3740BFEF6BE}.Release|Any CPU.Build.0 = Release|Any CPU
		{C9CF2E24-D948-4497-8B34-67F9AA347A03}.Debug|Any CPU.ActiveCfg = Debug|Any CPU
		{C9CF2E24-D948-4497-8B34-67F9AA347A03}.Debug|Any CPU.Build.0 = Debug|Any CPU
		{C9CF2E24-D948-4497-8B34-67F9AA347A03}.Release|Any CPU.ActiveCfg = Release|Any CPU
		{C9CF2E24-D948-4497-8B34-67F9AA347A03}.Release|Any CPU.Build.0 = Release|Any CPU
	EndGlobalSection
	GlobalSection(SolutionProperties) = preSolution
		HideSolutionNode = FALSE
	EndGlobalSection
	GlobalSection(NestedProjects) = preSolution
		{94223009-DB0F-4790-AA38-472AB408F391} = {96D63A4F-768D-474C-82C9-64ED1183559A}
		{26500E02-79A7-4981-87FB-E9230FF62994} = {96D63A4F-768D-474C-82C9-64ED1183559A}
		{EA058EB5-CC9A-4D44-8B72-DA9116C2D4E0} = {0D0C0E7A-D857-4729-8B9A-61F7C89181EC}
		{38E698CA-F4EB-4163-B144-B3D0E21E39C9} = {0D0C0E7A-D857-4729-8B9A-61F7C89181EC}
		{AACF6A95-177B-496F-82CF-81DF26507C75} = {99DA7D47-1D52-4392-9805-0710816B25F1}
		{C6CDE2A9-18A7-457F-96A3-3D69236A5A75} = {99DA7D47-1D52-4392-9805-0710816B25F1}
		{CB5F4DB5-0F6A-4B0A-ABAB-A2EF30AA259B} = {404553F8-1854-4DCC-A02E-0BA36728A18F}
		{D8FBF244-CCEB-45F2-A5F4-471857759200} = {404553F8-1854-4DCC-A02E-0BA36728A18F}
		{7418226E-1725-42C1-929A-C25716B70D93} = {5EEB4F21-B00E-435A-B04D-07C2FE344AAC}
		{B5635E02-094B-4DC8-85FD-1122EE07A024} = {5EEB4F21-B00E-435A-B04D-07C2FE344AAC}
		{A1A65453-50C4-4C4D-892C-26BADC6EF476} = {035C14AB-4F3B-435A-9930-D8C17024F815}
		{219854BB-50D3-4AF4-B510-5D5299C54560} = {035C14AB-4F3B-435A-9930-D8C17024F815}
		{9B164EB2-1797-4059-8E71-CC9C006CF5EF} = {2985DE33-ABF1-41A0-BE22-5F16FFFBB582}
		{6BC7F0A0-5062-4CE4-B78B-55080ECEAEDE} = {2985DE33-ABF1-41A0-BE22-5F16FFFBB582}
		{B13E8F87-AE85-4AB1-BB5A-D3740BFEF6BE} = {A0B2B7E1-3B40-4D69-9AE7-F8662590A2CD}
		{C9CF2E24-D948-4497-8B34-67F9AA347A03} = {A0B2B7E1-3B40-4D69-9AE7-F8662590A2CD}
	EndGlobalSection
	GlobalSection(ExtensibilityGlobals) = postSolution
		SolutionGuid = {9CF66FF3-7CCB-4224-944D-61A14CC4394B}
	EndGlobalSection
EndGlobal
